
Microsoft Visual Studio Solution File, Format Version 12.00
# Visual Studio 15
VisualStudioVersion = 15.0.26124.0
MinimumVisualStudioVersion = 15.0.26124.0
Project("{2150E333-8FDC-42A3-9474-1A3956D46DE8}") = "src", "src", "{0D63A09C-96F9-4840-93D7-E4F484137D1F}"
EndProject
Project("{F2A71F9B-5D33-465A-A702-920D77279786}") = "Checker", "src\Checker\Checker.fsproj", "{12C31E11-FFFB-41A8-AE65-8DAFD13820D6}"
EndProject
Project("{F2A71F9B-5D33-465A-A702-920D77279786}") = "TransitionSystems", "src\TransitionSystems\TransitionSystems.fsproj", "{3C8435AD-E93F-44D7-82B1-8B7E748A34F1}"
EndProject
Project("{F2A71F9B-5D33-465A-A702-920D77279786}") = "ConstraintSemirings", "src\ConstraintSemirings\ConstraintSemirings.fsproj", "{6104AA4C-87BF-4DC9-BF23-97EA1F2A08E4}"
EndProject
Project("{F2A71F9B-5D33-465A-A702-920D77279786}") = "TSParser", "src\TSParser\TSParser.fsproj", "{88E50B13-C131-49A1-8590-C7F7D59B07A7}"
EndProject
Project("{F2A71F9B-5D33-465A-A702-920D77279786}") = "CCtl", "src\CCtl\CCtl.fsproj", "{2E46905F-0D97-4D3A-A83B-48620D3F7AE9}"
EndProject
Project("{F2A71F9B-5D33-465A-A702-920D77279786}") = "CCtlParser", "src\CCtlParser\CCtlParser.fsproj", "{BE2B3BFD-00D6-4F60-8234-8908CC8B8CED}"
EndProject
Project("{F2A71F9B-5D33-465A-A702-920D77279786}") = "App", "src\App\App.fsproj", "{F2541600-4F5E-4570-9B81-0587158B52EA}"
EndProject
Global
	GlobalSection(SolutionConfigurationPlatforms) = preSolution
		Debug|Any CPU = Debug|Any CPU
		Debug|x64 = Debug|x64
		Debug|x86 = Debug|x86
		Release|Any CPU = Release|Any CPU
		Release|x64 = Release|x64
		Release|x86 = Release|x86
	EndGlobalSection
	GlobalSection(SolutionProperties) = preSolution
		HideSolutionNode = FALSE
	EndGlobalSection
	GlobalSection(ProjectConfigurationPlatforms) = postSolution
		{12C31E11-FFFB-41A8-AE65-8DAFD13820D6}.Debug|Any CPU.ActiveCfg = Debug|Any CPU
		{12C31E11-FFFB-41A8-AE65-8DAFD13820D6}.Debug|Any CPU.Build.0 = Debug|Any CPU
		{12C31E11-FFFB-41A8-AE65-8DAFD13820D6}.Debug|x64.ActiveCfg = Debug|Any CPU
		{12C31E11-FFFB-41A8-AE65-8DAFD13820D6}.Debug|x64.Build.0 = Debug|Any CPU
		{12C31E11-FFFB-41A8-AE65-8DAFD13820D6}.Debug|x86.ActiveCfg = Debug|Any CPU
		{12C31E11-FFFB-41A8-AE65-8DAFD13820D6}.Debug|x86.Build.0 = Debug|Any CPU
		{12C31E11-FFFB-41A8-AE65-8DAFD13820D6}.Release|Any CPU.ActiveCfg = Release|Any CPU
		{12C31E11-FFFB-41A8-AE65-8DAFD13820D6}.Release|Any CPU.Build.0 = Release|Any CPU
		{12C31E11-FFFB-41A8-AE65-8DAFD13820D6}.Release|x64.ActiveCfg = Release|Any CPU
		{12C31E11-FFFB-41A8-AE65-8DAFD13820D6}.Release|x64.Build.0 = Release|Any CPU
		{12C31E11-FFFB-41A8-AE65-8DAFD13820D6}.Release|x86.ActiveCfg = Release|Any CPU
		{12C31E11-FFFB-41A8-AE65-8DAFD13820D6}.Release|x86.Build.0 = Release|Any CPU
		{3C8435AD-E93F-44D7-82B1-8B7E748A34F1}.Debug|Any CPU.ActiveCfg = Debug|Any CPU
		{3C8435AD-E93F-44D7-82B1-8B7E748A34F1}.Debug|Any CPU.Build.0 = Debug|Any CPU
		{3C8435AD-E93F-44D7-82B1-8B7E748A34F1}.Debug|x64.ActiveCfg = Debug|Any CPU
		{3C8435AD-E93F-44D7-82B1-8B7E748A34F1}.Debug|x64.Build.0 = Debug|Any CPU
		{3C8435AD-E93F-44D7-82B1-8B7E748A34F1}.Debug|x86.ActiveCfg = Debug|Any CPU
		{3C8435AD-E93F-44D7-82B1-8B7E748A34F1}.Debug|x86.Build.0 = Debug|Any CPU
		{3C8435AD-E93F-44D7-82B1-8B7E748A34F1}.Release|Any CPU.ActiveCfg = Release|Any CPU
		{3C8435AD-E93F-44D7-82B1-8B7E748A34F1}.Release|Any CPU.Build.0 = Release|Any CPU
		{3C8435AD-E93F-44D7-82B1-8B7E748A34F1}.Release|x64.ActiveCfg = Release|Any CPU
		{3C8435AD-E93F-44D7-82B1-8B7E748A34F1}.Release|x64.Build.0 = Release|Any CPU
		{3C8435AD-E93F-44D7-82B1-8B7E748A34F1}.Release|x86.ActiveCfg = Release|Any CPU
		{3C8435AD-E93F-44D7-82B1-8B7E748A34F1}.Release|x86.Build.0 = Release|Any CPU
		{6104AA4C-87BF-4DC9-BF23-97EA1F2A08E4}.Debug|Any CPU.ActiveCfg = Debug|Any CPU
		{6104AA4C-87BF-4DC9-BF23-97EA1F2A08E4}.Debug|Any CPU.Build.0 = Debug|Any CPU
		{6104AA4C-87BF-4DC9-BF23-97EA1F2A08E4}.Debug|x64.ActiveCfg = Debug|Any CPU
		{6104AA4C-87BF-4DC9-BF23-97EA1F2A08E4}.Debug|x64.Build.0 = Debug|Any CPU
		{6104AA4C-87BF-4DC9-BF23-97EA1F2A08E4}.Debug|x86.ActiveCfg = Debug|Any CPU
		{6104AA4C-87BF-4DC9-BF23-97EA1F2A08E4}.Debug|x86.Build.0 = Debug|Any CPU
		{6104AA4C-87BF-4DC9-BF23-97EA1F2A08E4}.Release|Any CPU.ActiveCfg = Release|Any CPU
		{6104AA4C-87BF-4DC9-BF23-97EA1F2A08E4}.Release|Any CPU.Build.0 = Release|Any CPU
		{6104AA4C-87BF-4DC9-BF23-97EA1F2A08E4}.Release|x64.ActiveCfg = Release|Any CPU
		{6104AA4C-87BF-4DC9-BF23-97EA1F2A08E4}.Release|x64.Build.0 = Release|Any CPU
		{6104AA4C-87BF-4DC9-BF23-97EA1F2A08E4}.Release|x86.ActiveCfg = Release|Any CPU
		{6104AA4C-87BF-4DC9-BF23-97EA1F2A08E4}.Release|x86.Build.0 = Release|Any CPU
		{88E50B13-C131-49A1-8590-C7F7D59B07A7}.Debug|Any CPU.ActiveCfg = Debug|Any CPU
		{88E50B13-C131-49A1-8590-C7F7D59B07A7}.Debug|Any CPU.Build.0 = Debug|Any CPU
		{88E50B13-C131-49A1-8590-C7F7D59B07A7}.Debug|x64.ActiveCfg = Debug|Any CPU
		{88E50B13-C131-49A1-8590-C7F7D59B07A7}.Debug|x64.Build.0 = Debug|Any CPU
		{88E50B13-C131-49A1-8590-C7F7D59B07A7}.Debug|x86.ActiveCfg = Debug|Any CPU
		{88E50B13-C131-49A1-8590-C7F7D59B07A7}.Debug|x86.Build.0 = Debug|Any CPU
		{88E50B13-C131-49A1-8590-C7F7D59B07A7}.Release|Any CPU.ActiveCfg = Release|Any CPU
		{88E50B13-C131-49A1-8590-C7F7D59B07A7}.Release|Any CPU.Build.0 = Release|Any CPU
		{88E50B13-C131-49A1-8590-C7F7D59B07A7}.Release|x64.ActiveCfg = Release|Any CPU
		{88E50B13-C131-49A1-8590-C7F7D59B07A7}.Release|x64.Build.0 = Release|Any CPU
		{88E50B13-C131-49A1-8590-C7F7D59B07A7}.Release|x86.ActiveCfg = Release|Any CPU
		{88E50B13-C131-49A1-8590-C7F7D59B07A7}.Release|x86.Build.0 = Release|Any CPU
		{2E46905F-0D97-4D3A-A83B-48620D3F7AE9}.Debug|Any CPU.ActiveCfg = Debug|Any CPU
		{2E46905F-0D97-4D3A-A83B-48620D3F7AE9}.Debug|Any CPU.Build.0 = Debug|Any CPU
		{2E46905F-0D97-4D3A-A83B-48620D3F7AE9}.Debug|x64.ActiveCfg = Debug|Any CPU
		{2E46905F-0D97-4D3A-A83B-48620D3F7AE9}.Debug|x64.Build.0 = Debug|Any CPU
		{2E46905F-0D97-4D3A-A83B-48620D3F7AE9}.Debug|x86.ActiveCfg = Debug|Any CPU
		{2E46905F-0D97-4D3A-A83B-48620D3F7AE9}.Debug|x86.Build.0 = Debug|Any CPU
		{2E46905F-0D97-4D3A-A83B-48620D3F7AE9}.Release|Any CPU.ActiveCfg = Release|Any CPU
		{2E46905F-0D97-4D3A-A83B-48620D3F7AE9}.Release|Any CPU.Build.0 = Release|Any CPU
		{2E46905F-0D97-4D3A-A83B-48620D3F7AE9}.Release|x64.ActiveCfg = Release|Any CPU
		{2E46905F-0D97-4D3A-A83B-48620D3F7AE9}.Release|x64.Build.0 = Release|Any CPU
		{2E46905F-0D97-4D3A-A83B-48620D3F7AE9}.Release|x86.ActiveCfg = Release|Any CPU
		{2E46905F-0D97-4D3A-A83B-48620D3F7AE9}.Release|x86.Build.0 = Release|Any CPU
		{BE2B3BFD-00D6-4F60-8234-8908CC8B8CED}.Debug|Any CPU.ActiveCfg = Debug|Any CPU
		{BE2B3BFD-00D6-4F60-8234-8908CC8B8CED}.Debug|Any CPU.Build.0 = Debug|Any CPU
		{BE2B3BFD-00D6-4F60-8234-8908CC8B8CED}.Debug|x64.ActiveCfg = Debug|Any CPU
		{BE2B3BFD-00D6-4F60-8234-8908CC8B8CED}.Debug|x64.Build.0 = Debug|Any CPU
		{BE2B3BFD-00D6-4F60-8234-8908CC8B8CED}.Debug|x86.ActiveCfg = Debug|Any CPU
		{BE2B3BFD-00D6-4F60-8234-8908CC8B8CED}.Debug|x86.Build.0 = Debug|Any CPU
		{BE2B3BFD-00D6-4F60-8234-8908CC8B8CED}.Release|Any CPU.ActiveCfg = Release|Any CPU
		{BE2B3BFD-00D6-4F60-8234-8908CC8B8CED}.Release|Any CPU.Build.0 = Release|Any CPU
		{BE2B3BFD-00D6-4F60-8234-8908CC8B8CED}.Release|x64.ActiveCfg = Release|Any CPU
		{BE2B3BFD-00D6-4F60-8234-8908CC8B8CED}.Release|x64.Build.0 = Release|Any CPU
		{BE2B3BFD-00D6-4F60-8234-8908CC8B8CED}.Release|x86.ActiveCfg = Release|Any CPU
		{BE2B3BFD-00D6-4F60-8234-8908CC8B8CED}.Release|x86.Build.0 = Release|Any CPU
		{F2541600-4F5E-4570-9B81-0587158B52EA}.Debug|Any CPU.ActiveCfg = Debug|Any CPU
		{F2541600-4F5E-4570-9B81-0587158B52EA}.Debug|Any CPU.Build.0 = Debug|Any CPU
		{F2541600-4F5E-4570-9B81-0587158B52EA}.Debug|x64.ActiveCfg = Debug|Any CPU
		{F2541600-4F5E-4570-9B81-0587158B52EA}.Debug|x64.Build.0 = Debug|Any CPU
		{F2541600-4F5E-4570-9B81-0587158B52EA}.Debug|x86.ActiveCfg = Debug|Any CPU
		{F2541600-4F5E-4570-9B81-0587158B52EA}.Debug|x86.Build.0 = Debug|Any CPU
		{F2541600-4F5E-4570-9B81-0587158B52EA}.Release|Any CPU.ActiveCfg = Release|Any CPU
		{F2541600-4F5E-4570-9B81-0587158B52EA}.Release|Any CPU.Build.0 = Release|Any CPU
		{F2541600-4F5E-4570-9B81-0587158B52EA}.Release|x64.ActiveCfg = Release|Any CPU
		{F2541600-4F5E-4570-9B81-0587158B52EA}.Release|x64.Build.0 = Release|Any CPU
		{F2541600-4F5E-4570-9B81-0587158B52EA}.Release|x86.ActiveCfg = Release|Any CPU
		{F2541600-4F5E-4570-9B81-0587158B52EA}.Release|x86.Build.0 = Release|Any CPU
	EndGlobalSection
	GlobalSection(NestedProjects) = preSolution
		{12C31E11-FFFB-41A8-AE65-8DAFD13820D6} = {0D63A09C-96F9-4840-93D7-E4F484137D1F}
		{3C8435AD-E93F-44D7-82B1-8B7E748A34F1} = {0D63A09C-96F9-4840-93D7-E4F484137D1F}
		{6104AA4C-87BF-4DC9-BF23-97EA1F2A08E4} = {0D63A09C-96F9-4840-93D7-E4F484137D1F}
		{88E50B13-C131-49A1-8590-C7F7D59B07A7} = {0D63A09C-96F9-4840-93D7-E4F484137D1F}
		{2E46905F-0D97-4D3A-A83B-48620D3F7AE9} = {0D63A09C-96F9-4840-93D7-E4F484137D1F}
		{BE2B3BFD-00D6-4F60-8234-8908CC8B8CED} = {0D63A09C-96F9-4840-93D7-E4F484137D1F}
		{F2541600-4F5E-4570-9B81-0587158B52EA} = {0D63A09C-96F9-4840-93D7-E4F484137D1F}
	EndGlobalSection
EndGlobal
